
Microsoft Visual Studio Solution File, Format Version 12.00
# Visual Studio Version 17
VisualStudioVersion = 17.9.34622.214
MinimumVisualStudioVersion = 10.0.40219.1
Project("{FAE04EC0-301F-11D3-BF4B-00C04F79EFBC}") = "assignment_NET105", "assignment_NET105\assignment_NET105.csproj", "{FC606BD2-6AD5-4BC0-B02A-102CF58E27CD}"
EndProject
Global
	GlobalSection(SolutionConfigurationPlatforms) = preSolution
		Debug|Any CPU = Debug|Any CPU
		Release|Any CPU = Release|Any CPU
	EndGlobalSection
	GlobalSection(ProjectConfigurationPlatforms) = postSolution
		{FC606BD2-6AD5-4BC0-B02A-102CF58E27CD}.Debug|Any CPU.ActiveCfg = Debug|Any CPU
		{FC606BD2-6AD5-4BC0-B02A-102CF58E27CD}.Debug|Any CPU.Build.0 = Debug|Any CPU
		{FC606BD2-6AD5-4BC0-B02A-102CF58E27CD}.Release|Any CPU.ActiveCfg = Release|Any CPU
		{FC606BD2-6AD5-4BC0-B02A-102CF58E27CD}.Release|Any CPU.Build.0 = Release|Any CPU
	EndGlobalSection
	GlobalSection(SolutionProperties) = preSolution
		HideSolutionNode = FALSE
	EndGlobalSection
	GlobalSection(ExtensibilityGlobals) = postSolution
		SolutionGuid = {829BD8DE-3DFC-4CAB-8FA5-2A6E45E1DE34}
	EndGlobalSection
EndGlobal
